<?xml version="1.0" encoding="UTF-8"?>
<CONFIG>
  <ProjectOptions>
    <Version Value="12"/>
    <PathDelim Value="\"/>
    <General>
      <SessionStorage Value="InProjectDir"/>
      <AutoCreateForms Value="False"/>
      <Title Value="biblioteca"/>
      <Scaled Value="True"/>
      <ResourceType Value="res"/>
      <UseXPManifest Value="True"/>
      <XPManifest>
        <DpiAware Value="True"/>
      </XPManifest>
      <Icon Value="0"/>
    </General>
    <BuildModes>
      <Item Name="Default" Default="True"/>
    </BuildModes>
    <PublishOptions>
      <Version Value="2"/>
      <UseFileFilters Value="True"/>
    </PublishOptions>
    <RunParams>
      <FormatVersion Value="2"/>
    </RunParams>
    <RequiredPackages>
      <Item>
        <PackageName Value="FCL"/>
      </Item>
      <Item>
        <PackageName Value="zcomponent"/>
      </Item>
      <Item>
        <PackageName Value="LCL"/>
      </Item>
    </RequiredPackages>
    <Units>
      <Unit>
        <Filename Value="biblioteca.lpr"/>
        <IsPartOfProject Value="True"/>
      </Unit>
      <Unit>
        <Filename Value="untfrmprincipal.pas"/>
        <IsPartOfProject Value="True"/>
        <ComponentName Value="frmPrincipal"/>
        <HasResources Value="True"/>
        <ResourceBaseClass Value="Form"/>
        <UnitName Value="untFrmPrincipal"/>
      </Unit>
      <Unit>
        <Filename Value="untdmconexao.pas"/>
        <IsPartOfProject Value="True"/>
        <ComponentName Value="DataModule1"/>
        <HasResources Value="True"/>
        <ResourceBaseClass Value="DataModule"/>
        <UnitName Value="untDmConexao"/>
      </Unit>
      <Unit>
        <Filename Value="untfrmcadusuario.pas"/>
        <IsPartOfProject Value="True"/>
        <ComponentName Value="frmCadUsuario"/>
        <HasResources Value="True"/>
        <ResourceBaseClass Value="Form"/>
        <UnitName Value="untFrmCadUsuario"/>
      </Unit>
      <Unit>
        <Filename Value="untfrmcadobra.pas"/>
        <IsPartOfProject Value="True"/>
        <ComponentName Value="frmCadObra"/>
        <HasResources Value="True"/>
        <ResourceBaseClass Value="Form"/>
        <UnitName Value="untFrmCadObra"/>
      </Unit>
      <Unit>
        <Filename Value="untfrmcadautor.pas"/>
        <IsPartOfProject Value="True"/>
        <ComponentName Value="frmCadAutor"/>
        <HasResources Value="True"/>
        <ResourceBaseClass Value="Form"/>
        <UnitName Value="untFrmCadAutor"/>
      </Unit>
      <Unit>
        <Filename Value="untfrmcadassunto.pas"/>
        <IsPartOfProject Value="True"/>
        <ComponentName Value="frmCadAssunto"/>
        <HasResources Value="True"/>
        <ResourceBaseClass Value="Form"/>
        <UnitName Value="untFrmCadAssunto"/>
      </Unit>
      <Unit>
        <Filename Value="untfrmcadeditora.pas"/>
        <IsPartOfProject Value="True"/>
        <ComponentName Value="frmCadEditora"/>
        <HasResources Value="True"/>
        <ResourceBaseClass Value="Form"/>
        <UnitName Value="untFrmCadEditora"/>
      </Unit>
      <Unit>
        <Filename Value="untfrmemprestimos.pas"/>
        <IsPartOfProject Value="True"/>
        <ComponentName Value="frmEmprestimos"/>
        <HasResources Value="True"/>
        <ResourceBaseClass Value="Form"/>
        <UnitName Value="untFrmEmprestimos"/>
      </Unit>
      <Unit>
        <Filename Value="upesquisa.lfm"/>
        <IsPartOfProject Value="True"/>
      </Unit>
      <Unit>
        <Filename Value="upesquisa.pas"/>
        <IsPartOfProject Value="True"/>
        <ComponentName Value="frmPesquisa"/>
        <HasResources Value="True"/>
        <ResourceBaseClass Value="Form"/>
      </Unit>
    </Units>
  </ProjectOptions>
  <CompilerOptions>
    <Version Value="11"/>
    <PathDelim Value="\"/>
    <Target>
      <Filename Value="biblioteca"/>
    </Target>
    <SearchPaths>
      <IncludeFiles Value="$(ProjOutDir)"/>
      <UnitOutputDirectory Value="lib\$(TargetCPU)-$(TargetOS)"/>
    </SearchPaths>
    <Linking>
      <Debugging>
        <DebugInfoType Value="dsDwarf2Set"/>
      </Debugging>
      <Options>
        <Win32>
          <GraphicApplication Value="True"/>
        </Win32>
      </Options>
    </Linking>
  </CompilerOptions>
  <Debugging>
    <Exceptions>
      <Item>
        <Name Value="EAbort"/>
      </Item>
      <Item>
        <Name Value="ECodetoolError"/>
      </Item>
      <Item>
        <Name Value="EFOpenError"/>
      </Item>
    </Exceptions>
  </Debugging>
</CONFIG>
